{
  "requires": true,
  "lockfileVersion": 1,
  "dependencies": {
    "obj2fd": {
      "version": "1.0.6",
      "resolved": "https://registry.npmjs.org/obj2fd/-/obj2fd-1.0.6.tgz",
      "integrity": "sha512-5307zSn48kSYuo99ESW2sbMB+FSEPNL/0W/Jg7iKejrKoZo/PeuBFLIt2XMBhU+lKs5Fh/G3Q5bfA0hIhPdFpA=="
    },
    "vee-validate": {
      "version": "2.2.6",
      "resolved": "https://registry.npmjs.org/vee-validate/-/vee-validate-2.2.6.tgz",
      "integrity": "sha512-6161TmZpKmxSOfU4BCoeFXlFVcXWEU5e1bx82K3KMfja2sE5xNIEwZd75K8rRrsXd94aKyr+2sTXr7r4seYAKA=="
    }
  }
}
