
Microsoft Visual Studio Solution File, Format Version 12.00
# Visual Studio Version 17
VisualStudioVersion = 17.8.34525.116
MinimumVisualStudioVersion = 10.0.40219.1
Project("{2150E333-8FDC-42A3-9474-1A3956D46DE8}") = "Client", "Client", "{22048F61-A449-40DD-8989-6B8A13E9968A}"
EndProject
Project("{2150E333-8FDC-42A3-9474-1A3956D46DE8}") = "Server", "Server", "{108D9361-F489-4DAA-976F-BC6D846A094D}"
EndProject
Project("{2150E333-8FDC-42A3-9474-1A3956D46DE8}") = "1. Web", "1. Web", "{B1A7AC57-3D5D-4C5D-812A-6BB2FE13D721}"
EndProject
Project("{2150E333-8FDC-42A3-9474-1A3956D46DE8}") = "2. Service Agent", "2. Service Agent", "{E13023CC-F507-47EB-9897-2B8F7E880F0A}"
EndProject
Project("{2150E333-8FDC-42A3-9474-1A3956D46DE8}") = "1. Distributed Services", "1. Distributed Services", "{30CA3661-AA25-458F-9789-3D25C217E272}"
EndProject
Project("{2150E333-8FDC-42A3-9474-1A3956D46DE8}") = "2. Application", "2. Application", "{D5DBF415-1F49-49F9-A12D-F42B20F0619C}"
EndProject
Project("{2150E333-8FDC-42A3-9474-1A3956D46DE8}") = "3. Domain", "3. Domain", "{6330FEEC-5B55-44FC-93E9-D550EF4AD582}"
EndProject
Project("{2150E333-8FDC-42A3-9474-1A3956D46DE8}") = "4. Infrastructure", "4. Infrastructure", "{943B0118-6313-4D48-9EF9-2C3F4F9B4E50}"
EndProject
Project("{2150E333-8FDC-42A3-9474-1A3956D46DE8}") = "Cross Cutting", "Cross Cutting", "{455D0C10-2B9A-4B28-B070-DCBDD6436166}"
EndProject
Project("{2150E333-8FDC-42A3-9474-1A3956D46DE8}") = "Data", "Data", "{F8802EE9-DED9-4351-BD2B-A201CFBF053F}"
EndProject
Project("{2150E333-8FDC-42A3-9474-1A3956D46DE8}") = "Test", "Test", "{51F4D62F-41DB-4B4F-BE10-ABD60E92905B}"
EndProject
Project("{9A19103F-16F7-4668-BE54-9A1E7A4F7556}") = "Minsur.OrdenServicio.ServiceController", "Minsur.OrdenServicio.ServiceController\Minsur.OrdenServicio.ServiceController.csproj", "{2F0A2600-E49A-4152-B0D2-F20A335F2174}"
EndProject
Project("{9A19103F-16F7-4668-BE54-9A1E7A4F7556}") = "Minsur.OrdenServicio.Proxies", "Minsur.OrdenServicio.Proxies\Minsur.OrdenServicio.Proxies.csproj", "{23F93EB6-F6B6-4099-B2D4-7711BF34AE9E}"
EndProject
Project("{9A19103F-16F7-4668-BE54-9A1E7A4F7556}") = "Minsur.OrdenServicio.DTO", "Minsur.OrdenServicio.DTO\Minsur.OrdenServicio.DTO.csproj", "{5C4A9507-986E-42A4-8286-341BE0E797DA}"
EndProject
Project("{9A19103F-16F7-4668-BE54-9A1E7A4F7556}") = "Minsur.OrdenServicio.Common", "Minsur.OrdenServicio.Common\Minsur.OrdenServicio.Common.csproj", "{D55BE1EA-D795-466D-AC6A-B608CD0088D3}"
EndProject
Project("{9A19103F-16F7-4668-BE54-9A1E7A4F7556}") = "Minsur.OrdenServicio.Mvc", "Minsur.OrdenServicio.Mvc\Minsur.OrdenServicio.Mvc.csproj", "{F99FDC42-2D4F-4E1B-BA6A-DBB50F9674C9}"
EndProject
Project("{9A19103F-16F7-4668-BE54-9A1E7A4F7556}") = "Minsur.OrdenServicio.Repository", "Minsur.OrdenServicio.Repository\Minsur.OrdenServicio.Repository.csproj", "{3D18684C-A6D6-4549-B12B-CD9768C75959}"
EndProject
Project("{9A19103F-16F7-4668-BE54-9A1E7A4F7556}") = "Minsur.OrdenServicio.Domain", "Minsur.OrdenServicio.Domain\Minsur.OrdenServicio.Domain.csproj", "{3D8073F3-BECF-4F70-9EA1-8E941ECFDE42}"
EndProject
Project("{9A19103F-16F7-4668-BE54-9A1E7A4F7556}") = "Minsur.OrdenServicio.Domain.Entities", "Minsur.OrdenServicio.Domain.Entities\Minsur.OrdenServicio.Domain.Entities.csproj", "{AE5DB4B6-6EEA-4E35-A80B-1683B9F141C8}"
EndProject
Project("{9A19103F-16F7-4668-BE54-9A1E7A4F7556}") = "Minsur.OrdenServicio.Application", "Minsur.OrdenServicio.Application\Minsur.OrdenServicio.Application.csproj", "{856751D9-BDA3-4F90-B06C-BE903C213FCD}"
EndProject
Project("{2150E333-8FDC-42A3-9474-1A3956D46DE8}") = "WebAPI", "WebAPI", "{7F3134BF-4C40-4D62-899D-B71CB95A4B31}"
EndProject
Project("{9A19103F-16F7-4668-BE54-9A1E7A4F7556}") = "Minsur.OrdenServicio.WebAPI", "Minsur.OrdenServicio.WebAPI\Minsur.OrdenServicio.WebAPI.csproj", "{051C8C93-99F5-4AA5-8505-E176060DD16B}"
EndProject
Project("{9A19103F-16F7-4668-BE54-9A1E7A4F7556}") = "Minsur.OrdenServicio.Translator", "Minsur.OrdenServicio.Translator\Minsur.OrdenServicio.Translator.csproj", "{9C553E97-1676-4844-ADE4-7987D0DB9D21}"
EndProject
Project("{9A19103F-16F7-4668-BE54-9A1E7A4F7556}") = "Minsur.OrdenServicio.DependencyResolver", "Minsur.OrdenServicio.DependencyResolver\Minsur.OrdenServicio.DependencyResolver.csproj", "{A187C5E2-7475-426A-BA35-8685657F4544}"
EndProject
Project("{9A19103F-16F7-4668-BE54-9A1E7A4F7556}") = "Minsur.OrdenServicio.ApiServiceController", "Minsur.OrdenServicio.ApiServiceController\Minsur.OrdenServicio.ApiServiceController.csproj", "{687D6CB8-93EE-43A4-8E21-EBF21DC99F80}"
EndProject
Project("{9A19103F-16F7-4668-BE54-9A1E7A4F7556}") = "Minsur.OrdenServicio.Mail", "Minsur.OrdenServicio.Mail\Minsur.OrdenServicio.Mail.csproj", "{283B4EC2-8704-4B0E-BAB9-35B22231B3E7}"
EndProject
Project("{FAE04EC0-301F-11D3-BF4B-00C04F79EFBC}") = "Minsur.OrdenServicio.WebAPI.NET", "Minsur.OrdenServicio.WebAPI.NET\Minsur.OrdenServicio.WebAPI.NET.csproj", "{D6F07208-83EB-4FB0-872F-A9F7F29F8D75}"
EndProject
Project("{2150E333-8FDC-42A3-9474-1A3956D46DE8}") = "Seguridad", "Seguridad", "{F49EEE7C-BD97-4976-90DE-676DD90F5AFA}"
EndProject
Project("{9A19103F-16F7-4668-BE54-9A1E7A4F7556}") = "Minsur.OrdenServicio.Seguridad.Domain", "Minsur.OrdenServicio.Seguridad.Domain\Minsur.OrdenServicio.Seguridad.Domain.csproj", "{8EB71FAD-7032-499D-8E79-F4F925323384}"
EndProject
Project("{2150E333-8FDC-42A3-9474-1A3956D46DE8}") = "OrdenServicio", "OrdenServicio", "{1571E12C-CD1F-459E-91DD-E0B942717450}"
EndProject
Project("{FAE04EC0-301F-11D3-BF4B-00C04F79EFBC}") = "Minsur.OrdenServicio.Seguridad.Domain.Entities", "Minsur.OrdenServicio.Seguridad.Domain.Entities\Minsur.OrdenServicio.Seguridad.Domain.Entities.csproj", "{0A13EDFA-E2C7-4E1E-B412-6630E12466D8}"
EndProject
Global
	GlobalSection(SolutionConfigurationPlatforms) = preSolution
		Debug|Any CPU = Debug|Any CPU
		Release|Any CPU = Release|Any CPU
	EndGlobalSection
	GlobalSection(ProjectConfigurationPlatforms) = postSolution
		{2F0A2600-E49A-4152-B0D2-F20A335F2174}.Debug|Any CPU.ActiveCfg = Debug|Any CPU
		{2F0A2600-E49A-4152-B0D2-F20A335F2174}.Debug|Any CPU.Build.0 = Debug|Any CPU
		{2F0A2600-E49A-4152-B0D2-F20A335F2174}.Release|Any CPU.ActiveCfg = Release|Any CPU
		{2F0A2600-E49A-4152-B0D2-F20A335F2174}.Release|Any CPU.Build.0 = Release|Any CPU
		{23F93EB6-F6B6-4099-B2D4-7711BF34AE9E}.Debug|Any CPU.ActiveCfg = Debug|Any CPU
		{23F93EB6-F6B6-4099-B2D4-7711BF34AE9E}.Debug|Any CPU.Build.0 = Debug|Any CPU
		{23F93EB6-F6B6-4099-B2D4-7711BF34AE9E}.Release|Any CPU.ActiveCfg = Release|Any CPU
		{23F93EB6-F6B6-4099-B2D4-7711BF34AE9E}.Release|Any CPU.Build.0 = Release|Any CPU
		{5C4A9507-986E-42A4-8286-341BE0E797DA}.Debug|Any CPU.ActiveCfg = Debug|Any CPU
		{5C4A9507-986E-42A4-8286-341BE0E797DA}.Debug|Any CPU.Build.0 = Debug|Any CPU
		{5C4A9507-986E-42A4-8286-341BE0E797DA}.Release|Any CPU.ActiveCfg = Release|Any CPU
		{5C4A9507-986E-42A4-8286-341BE0E797DA}.Release|Any CPU.Build.0 = Release|Any CPU
		{D55BE1EA-D795-466D-AC6A-B608CD0088D3}.Debug|Any CPU.ActiveCfg = Debug|Any CPU
		{D55BE1EA-D795-466D-AC6A-B608CD0088D3}.Debug|Any CPU.Build.0 = Debug|Any CPU
		{D55BE1EA-D795-466D-AC6A-B608CD0088D3}.Release|Any CPU.ActiveCfg = Release|Any CPU
		{D55BE1EA-D795-466D-AC6A-B608CD0088D3}.Release|Any CPU.Build.0 = Release|Any CPU
		{F99FDC42-2D4F-4E1B-BA6A-DBB50F9674C9}.Debug|Any CPU.ActiveCfg = Debug|Any CPU
		{F99FDC42-2D4F-4E1B-BA6A-DBB50F9674C9}.Debug|Any CPU.Build.0 = Debug|Any CPU
		{F99FDC42-2D4F-4E1B-BA6A-DBB50F9674C9}.Release|Any CPU.ActiveCfg = Release|Any CPU
		{F99FDC42-2D4F-4E1B-BA6A-DBB50F9674C9}.Release|Any CPU.Build.0 = Release|Any CPU
		{3D18684C-A6D6-4549-B12B-CD9768C75959}.Debug|Any CPU.ActiveCfg = Debug|Any CPU
		{3D18684C-A6D6-4549-B12B-CD9768C75959}.Debug|Any CPU.Build.0 = Debug|Any CPU
		{3D18684C-A6D6-4549-B12B-CD9768C75959}.Release|Any CPU.ActiveCfg = Release|Any CPU
		{3D18684C-A6D6-4549-B12B-CD9768C75959}.Release|Any CPU.Build.0 = Release|Any CPU
		{3D8073F3-BECF-4F70-9EA1-8E941ECFDE42}.Debug|Any CPU.ActiveCfg = Debug|Any CPU
		{3D8073F3-BECF-4F70-9EA1-8E941ECFDE42}.Debug|Any CPU.Build.0 = Debug|Any CPU
		{3D8073F3-BECF-4F70-9EA1-8E941ECFDE42}.Release|Any CPU.ActiveCfg = Release|Any CPU
		{3D8073F3-BECF-4F70-9EA1-8E941ECFDE42}.Release|Any CPU.Build.0 = Release|Any CPU
		{AE5DB4B6-6EEA-4E35-A80B-1683B9F141C8}.Debug|Any CPU.ActiveCfg = Debug|Any CPU
		{AE5DB4B6-6EEA-4E35-A80B-1683B9F141C8}.Debug|Any CPU.Build.0 = Debug|Any CPU
		{AE5DB4B6-6EEA-4E35-A80B-1683B9F141C8}.Release|Any CPU.ActiveCfg = Release|Any CPU
		{AE5DB4B6-6EEA-4E35-A80B-1683B9F141C8}.Release|Any CPU.Build.0 = Release|Any CPU
		{856751D9-BDA3-4F90-B06C-BE903C213FCD}.Debug|Any CPU.ActiveCfg = Debug|Any CPU
		{856751D9-BDA3-4F90-B06C-BE903C213FCD}.Debug|Any CPU.Build.0 = Debug|Any CPU
		{856751D9-BDA3-4F90-B06C-BE903C213FCD}.Release|Any CPU.ActiveCfg = Release|Any CPU
		{856751D9-BDA3-4F90-B06C-BE903C213FCD}.Release|Any CPU.Build.0 = Release|Any CPU
		{051C8C93-99F5-4AA5-8505-E176060DD16B}.Debug|Any CPU.ActiveCfg = Debug|Any CPU
		{051C8C93-99F5-4AA5-8505-E176060DD16B}.Debug|Any CPU.Build.0 = Debug|Any CPU
		{051C8C93-99F5-4AA5-8505-E176060DD16B}.Release|Any CPU.ActiveCfg = Release|Any CPU
		{051C8C93-99F5-4AA5-8505-E176060DD16B}.Release|Any CPU.Build.0 = Release|Any CPU
		{9C553E97-1676-4844-ADE4-7987D0DB9D21}.Debug|Any CPU.ActiveCfg = Debug|Any CPU
		{9C553E97-1676-4844-ADE4-7987D0DB9D21}.Debug|Any CPU.Build.0 = Debug|Any CPU
		{9C553E97-1676-4844-ADE4-7987D0DB9D21}.Release|Any CPU.ActiveCfg = Release|Any CPU
		{9C553E97-1676-4844-ADE4-7987D0DB9D21}.Release|Any CPU.Build.0 = Release|Any CPU
		{A187C5E2-7475-426A-BA35-8685657F4544}.Debug|Any CPU.ActiveCfg = Debug|Any CPU
		{A187C5E2-7475-426A-BA35-8685657F4544}.Debug|Any CPU.Build.0 = Debug|Any CPU
		{A187C5E2-7475-426A-BA35-8685657F4544}.Release|Any CPU.ActiveCfg = Release|Any CPU
		{A187C5E2-7475-426A-BA35-8685657F4544}.Release|Any CPU.Build.0 = Release|Any CPU
		{687D6CB8-93EE-43A4-8E21-EBF21DC99F80}.Debug|Any CPU.ActiveCfg = Debug|Any CPU
		{687D6CB8-93EE-43A4-8E21-EBF21DC99F80}.Debug|Any CPU.Build.0 = Debug|Any CPU
		{687D6CB8-93EE-43A4-8E21-EBF21DC99F80}.Release|Any CPU.ActiveCfg = Release|Any CPU
		{687D6CB8-93EE-43A4-8E21-EBF21DC99F80}.Release|Any CPU.Build.0 = Release|Any CPU
		{283B4EC2-8704-4B0E-BAB9-35B22231B3E7}.Debug|Any CPU.ActiveCfg = Debug|Any CPU
		{283B4EC2-8704-4B0E-BAB9-35B22231B3E7}.Debug|Any CPU.Build.0 = Debug|Any CPU
		{283B4EC2-8704-4B0E-BAB9-35B22231B3E7}.Release|Any CPU.ActiveCfg = Release|Any CPU
		{283B4EC2-8704-4B0E-BAB9-35B22231B3E7}.Release|Any CPU.Build.0 = Release|Any CPU
		{D6F07208-83EB-4FB0-872F-A9F7F29F8D75}.Debug|Any CPU.ActiveCfg = Debug|Any CPU
		{D6F07208-83EB-4FB0-872F-A9F7F29F8D75}.Debug|Any CPU.Build.0 = Debug|Any CPU
		{D6F07208-83EB-4FB0-872F-A9F7F29F8D75}.Release|Any CPU.ActiveCfg = Release|Any CPU
		{D6F07208-83EB-4FB0-872F-A9F7F29F8D75}.Release|Any CPU.Build.0 = Release|Any CPU
		{8EB71FAD-7032-499D-8E79-F4F925323384}.Debug|Any CPU.ActiveCfg = Debug|Any CPU
		{8EB71FAD-7032-499D-8E79-F4F925323384}.Debug|Any CPU.Build.0 = Debug|Any CPU
		{8EB71FAD-7032-499D-8E79-F4F925323384}.Release|Any CPU.ActiveCfg = Release|Any CPU
		{8EB71FAD-7032-499D-8E79-F4F925323384}.Release|Any CPU.Build.0 = Release|Any CPU
		{0A13EDFA-E2C7-4E1E-B412-6630E12466D8}.Debug|Any CPU.ActiveCfg = Debug|Any CPU
		{0A13EDFA-E2C7-4E1E-B412-6630E12466D8}.Debug|Any CPU.Build.0 = Debug|Any CPU
		{0A13EDFA-E2C7-4E1E-B412-6630E12466D8}.Release|Any CPU.ActiveCfg = Release|Any CPU
		{0A13EDFA-E2C7-4E1E-B412-6630E12466D8}.Release|Any CPU.Build.0 = Release|Any CPU
	EndGlobalSection
	GlobalSection(SolutionProperties) = preSolution
		HideSolutionNode = FALSE
	EndGlobalSection
	GlobalSection(NestedProjects) = preSolution
		{B1A7AC57-3D5D-4C5D-812A-6BB2FE13D721} = {22048F61-A449-40DD-8989-6B8A13E9968A}
		{E13023CC-F507-47EB-9897-2B8F7E880F0A} = {22048F61-A449-40DD-8989-6B8A13E9968A}
		{30CA3661-AA25-458F-9789-3D25C217E272} = {108D9361-F489-4DAA-976F-BC6D846A094D}
		{D5DBF415-1F49-49F9-A12D-F42B20F0619C} = {108D9361-F489-4DAA-976F-BC6D846A094D}
		{6330FEEC-5B55-44FC-93E9-D550EF4AD582} = {108D9361-F489-4DAA-976F-BC6D846A094D}
		{943B0118-6313-4D48-9EF9-2C3F4F9B4E50} = {108D9361-F489-4DAA-976F-BC6D846A094D}
		{455D0C10-2B9A-4B28-B070-DCBDD6436166} = {943B0118-6313-4D48-9EF9-2C3F4F9B4E50}
		{F8802EE9-DED9-4351-BD2B-A201CFBF053F} = {943B0118-6313-4D48-9EF9-2C3F4F9B4E50}
		{2F0A2600-E49A-4152-B0D2-F20A335F2174} = {E13023CC-F507-47EB-9897-2B8F7E880F0A}
		{23F93EB6-F6B6-4099-B2D4-7711BF34AE9E} = {455D0C10-2B9A-4B28-B070-DCBDD6436166}
		{5C4A9507-986E-42A4-8286-341BE0E797DA} = {455D0C10-2B9A-4B28-B070-DCBDD6436166}
		{D55BE1EA-D795-466D-AC6A-B608CD0088D3} = {455D0C10-2B9A-4B28-B070-DCBDD6436166}
		{F99FDC42-2D4F-4E1B-BA6A-DBB50F9674C9} = {B1A7AC57-3D5D-4C5D-812A-6BB2FE13D721}
		{3D18684C-A6D6-4549-B12B-CD9768C75959} = {F8802EE9-DED9-4351-BD2B-A201CFBF053F}
		{3D8073F3-BECF-4F70-9EA1-8E941ECFDE42} = {1571E12C-CD1F-459E-91DD-E0B942717450}
		{AE5DB4B6-6EEA-4E35-A80B-1683B9F141C8} = {1571E12C-CD1F-459E-91DD-E0B942717450}
		{856751D9-BDA3-4F90-B06C-BE903C213FCD} = {D5DBF415-1F49-49F9-A12D-F42B20F0619C}
		{7F3134BF-4C40-4D62-899D-B71CB95A4B31} = {30CA3661-AA25-458F-9789-3D25C217E272}
		{051C8C93-99F5-4AA5-8505-E176060DD16B} = {7F3134BF-4C40-4D62-899D-B71CB95A4B31}
		{9C553E97-1676-4844-ADE4-7987D0DB9D21} = {455D0C10-2B9A-4B28-B070-DCBDD6436166}
		{A187C5E2-7475-426A-BA35-8685657F4544} = {455D0C10-2B9A-4B28-B070-DCBDD6436166}
		{687D6CB8-93EE-43A4-8E21-EBF21DC99F80} = {E13023CC-F507-47EB-9897-2B8F7E880F0A}
		{283B4EC2-8704-4B0E-BAB9-35B22231B3E7} = {455D0C10-2B9A-4B28-B070-DCBDD6436166}
		{D6F07208-83EB-4FB0-872F-A9F7F29F8D75} = {7F3134BF-4C40-4D62-899D-B71CB95A4B31}
		{F49EEE7C-BD97-4976-90DE-676DD90F5AFA} = {6330FEEC-5B55-44FC-93E9-D550EF4AD582}
		{8EB71FAD-7032-499D-8E79-F4F925323384} = {F49EEE7C-BD97-4976-90DE-676DD90F5AFA}
		{1571E12C-CD1F-459E-91DD-E0B942717450} = {6330FEEC-5B55-44FC-93E9-D550EF4AD582}
		{0A13EDFA-E2C7-4E1E-B412-6630E12466D8} = {F49EEE7C-BD97-4976-90DE-676DD90F5AFA}
	EndGlobalSection
	GlobalSection(ExtensibilityGlobals) = postSolution
		SolutionGuid = {8F0D17DF-E3DB-42E6-8410-EAB0DAE694A0}
		EnterpriseLibraryConfigurationToolBinariesPathV6 = packages\EnterpriseLibrary.Common.6.0.1304.0\lib\NET45;packages\EnterpriseLibrary.Data.6.0.1304.0\lib\NET45
	EndGlobalSection
EndGlobal
